
Microsoft Visual Studio Solution File, Format Version 12.00
# Visual Studio Version 17
VisualStudioVersion = 17.14.36717.8
MinimumVisualStudioVersion = 10.0.40219.1
Project("{8BC9CEB8-8B4A-11D0-8D11-00A0C91BC942}") = "Jenova.Module", "Jenova.Module.vcxproj", "{5F4A4E56-DEAD-666C-3313-484D454D4152}"
EndProject
Global
	GlobalSection(SolutionConfigurationPlatforms) = preSolution
		Build|x64 = Build|x64
	EndGlobalSection
	GlobalSection(ProjectConfigurationPlatforms) = postSolution
		{5F4A4E56-DEAD-666C-3313-484D454D4152}.Build|x64.ActiveCfg = Build|x64
		{5F4A4E56-DEAD-666C-3313-484D454D4152}.Build|x64.Build.0 = Build|x64
	EndGlobalSection
	GlobalSection(SolutionProperties) = preSolution
		HideSolutionNode = FALSE
	EndGlobalSection
	GlobalSection(ExtensibilityGlobals) = postSolution
		SolutionGuid = {A515CE94-5FCB-4A8F-BB3A-74579CC3DC7C}
	EndGlobalSection
EndGlobal
